
Microsoft Visual Studio Solution File, Format Version 12.00
# Visual Studio Version 17
VisualStudioVersion = 17.11.35222.181
MinimumVisualStudioVersion = 10.0.40219.1
Project("{FAE04EC0-301F-11D3-BF4B-00C04F79EFBC}") = "lab3(3).1", "lab3(3).1\lab3(3).1.csproj", "{F6FAB7E5-595B-4E76-8FF8-24CFBFCC22FC}"
EndProject
Global
	GlobalSection(SolutionConfigurationPlatforms) = preSolution
		Debug|Any CPU = Debug|Any CPU
		Release|Any CPU = Release|Any CPU
	EndGlobalSection
	GlobalSection(ProjectConfigurationPlatforms) = postSolution
		{F6FAB7E5-595B-4E76-8FF8-24CFBFCC22FC}.Debug|Any CPU.ActiveCfg = Debug|Any CPU
		{F6FAB7E5-595B-4E76-8FF8-24CFBFCC22FC}.Debug|Any CPU.Build.0 = Debug|Any CPU
		{F6FAB7E5-595B-4E76-8FF8-24CFBFCC22FC}.Release|Any CPU.ActiveCfg = Release|Any CPU
		{F6FAB7E5-595B-4E76-8FF8-24CFBFCC22FC}.Release|Any CPU.Build.0 = Release|Any CPU
	EndGlobalSection
	GlobalSection(SolutionProperties) = preSolution
		HideSolutionNode = FALSE
	EndGlobalSection
	GlobalSection(ExtensibilityGlobals) = postSolution
		SolutionGuid = {8FA1A79F-53BF-44BC-9996-34D51D794716}
	EndGlobalSection
EndGlobal
